
Microsoft Visual Studio Solution File, Format Version 12.00
# Visual Studio Version 16
VisualStudioVersion = 16.0.36631.11
MinimumVisualStudioVersion = 10.0.40219.1
Project("{FAE04EC0-301F-11D3-BF4B-00C04F79EFBC}") = "EThrift_Web", "EThrift_Web\EThrift_Web.csproj", "{0834AD8D-6254-4870-959E-96741F982918}"
EndProject
Global
	GlobalSection(SolutionConfigurationPlatforms) = preSolution
		Debug|Any CPU = Debug|Any CPU
		Release|Any CPU = Release|Any CPU
	EndGlobalSection
	GlobalSection(ProjectConfigurationPlatforms) = postSolution
		{0834AD8D-6254-4870-959E-96741F982918}.Debug|Any CPU.ActiveCfg = Debug|Any CPU
		{0834AD8D-6254-4870-959E-96741F982918}.Debug|Any CPU.Build.0 = Debug|Any CPU
		{0834AD8D-6254-4870-959E-96741F982918}.Release|Any CPU.ActiveCfg = Release|Any CPU
		{0834AD8D-6254-4870-959E-96741F982918}.Release|Any CPU.Build.0 = Release|Any CPU
	EndGlobalSection
	GlobalSection(SolutionProperties) = preSolution
		HideSolutionNode = FALSE
	EndGlobalSection
	GlobalSection(ExtensibilityGlobals) = postSolution
		SolutionGuid = {D095B4BC-EA6C-4D62-8B54-597C7DFD50A6}
	EndGlobalSection
EndGlobal
